
Microsoft Visual Studio Solution File, Format Version 11.00
# Visual Studio 2010
# SharpDevelop 4.4
Project("{FAE04EC0-301F-11D3-BF4B-00C04F79EFBC}") = "NguyenTranNhatMinh-1706020050", "NguyenTranNhatMinh-1706020050\NguyenTranNhatMinh-1706020050.csproj", "{0FEAD5A2-FB70-4045-9739-D7598E023357}"
EndProject
Global
	GlobalSection(SolutionConfigurationPlatforms) = preSolution
		Debug|Any CPU = Debug|Any CPU
		Release|Any CPU = Release|Any CPU
	EndGlobalSection
	GlobalSection(ProjectConfigurationPlatforms) = postSolution
		{0FEAD5A2-FB70-4045-9739-D7598E023357}.Debug|Any CPU.Build.0 = Debug|Any CPU
		{0FEAD5A2-FB70-4045-9739-D7598E023357}.Debug|Any CPU.ActiveCfg = Debug|Any CPU
		{0FEAD5A2-FB70-4045-9739-D7598E023357}.Release|Any CPU.Build.0 = Release|Any CPU
		{0FEAD5A2-FB70-4045-9739-D7598E023357}.Release|Any CPU.ActiveCfg = Release|Any CPU
	EndGlobalSection
EndGlobal
